
Microsoft Visual Studio Solution File, Format Version 12.00
# Visual Studio Version 17
VisualStudioVersion = 17.3.32929.385
MinimumVisualStudioVersion = 10.0.40219.1
Project("{2150E333-8FDC-42A3-9474-1A3956D46DE8}") = "Core", "Core", "{AA6F32EB-5BE3-4A19-8D0B-B61877B5B640}"
EndProject
Project("{9A19103F-16F7-4668-BE54-9A1E7A4F7556}") = "ETicaretAPI.Domain", "Core\ETicaretAPI.Domain\ETicaretAPI.Domain.csproj", "{A969DFF0-9CB1-4CC5-94AD-4E9EBCB155AC}"
EndProject
Project("{9A19103F-16F7-4668-BE54-9A1E7A4F7556}") = "ETicaretAPI.Apllication", "Core\ETicaretAPI.Apllication\ETicaretAPI.Apllication.csproj", "{51AB133B-98CF-4389-89B1-C411A29A1A12}"
EndProject
Project("{2150E333-8FDC-42A3-9474-1A3956D46DE8}") = "Infrustructure", "Infrustructure", "{C6D969FF-01A9-4ABB-AECF-49AF4965B334}"
EndProject
Project("{9A19103F-16F7-4668-BE54-9A1E7A4F7556}") = "ETicaretAPI.Infrustructure", "Infrustructure\ETicaretAPI.Infrustructure\ETicaretAPI.Infrustructure.csproj", "{DDD3CE16-B7CA-4F1B-923A-B5B03B47848C}"
EndProject
Project("{9A19103F-16F7-4668-BE54-9A1E7A4F7556}") = "ETicaretAPI.Persistence", "Infrustructure\ETicaretAPI.Persistence\ETicaretAPI.Persistence.csproj", "{6704A452-6195-4770-9C17-D247C6D77180}"
EndProject
Project("{2150E333-8FDC-42A3-9474-1A3956D46DE8}") = "Presentation", "Presentation", "{F19688DF-334E-4169-8C58-F1A14C23C38B}"
EndProject
Project("{9A19103F-16F7-4668-BE54-9A1E7A4F7556}") = "ETicaretAPI.API", "Presentation\ETicaretAPI.API\ETicaretAPI.API.csproj", "{A67D3177-3BC6-4D7B-98F1-4B784283A7AA}"
EndProject
Global
	GlobalSection(SolutionConfigurationPlatforms) = preSolution
		Debug|Any CPU = Debug|Any CPU
		Release|Any CPU = Release|Any CPU
	EndGlobalSection
	GlobalSection(ProjectConfigurationPlatforms) = postSolution
		{A969DFF0-9CB1-4CC5-94AD-4E9EBCB155AC}.Debug|Any CPU.ActiveCfg = Debug|Any CPU
		{A969DFF0-9CB1-4CC5-94AD-4E9EBCB155AC}.Debug|Any CPU.Build.0 = Debug|Any CPU
		{A969DFF0-9CB1-4CC5-94AD-4E9EBCB155AC}.Release|Any CPU.ActiveCfg = Release|Any CPU
		{A969DFF0-9CB1-4CC5-94AD-4E9EBCB155AC}.Release|Any CPU.Build.0 = Release|Any CPU
		{51AB133B-98CF-4389-89B1-C411A29A1A12}.Debug|Any CPU.ActiveCfg = Debug|Any CPU
		{51AB133B-98CF-4389-89B1-C411A29A1A12}.Debug|Any CPU.Build.0 = Debug|Any CPU
		{51AB133B-98CF-4389-89B1-C411A29A1A12}.Release|Any CPU.ActiveCfg = Release|Any CPU
		{51AB133B-98CF-4389-89B1-C411A29A1A12}.Release|Any CPU.Build.0 = Release|Any CPU
		{DDD3CE16-B7CA-4F1B-923A-B5B03B47848C}.Debug|Any CPU.ActiveCfg = Debug|Any CPU
		{DDD3CE16-B7CA-4F1B-923A-B5B03B47848C}.Debug|Any CPU.Build.0 = Debug|Any CPU
		{DDD3CE16-B7CA-4F1B-923A-B5B03B47848C}.Release|Any CPU.ActiveCfg = Release|Any CPU
		{DDD3CE16-B7CA-4F1B-923A-B5B03B47848C}.Release|Any CPU.Build.0 = Release|Any CPU
		{6704A452-6195-4770-9C17-D247C6D77180}.Debug|Any CPU.ActiveCfg = Debug|Any CPU
		{6704A452-6195-4770-9C17-D247C6D77180}.Debug|Any CPU.Build.0 = Debug|Any CPU
		{6704A452-6195-4770-9C17-D247C6D77180}.Release|Any CPU.ActiveCfg = Release|Any CPU
		{6704A452-6195-4770-9C17-D247C6D77180}.Release|Any CPU.Build.0 = Release|Any CPU
		{A67D3177-3BC6-4D7B-98F1-4B784283A7AA}.Debug|Any CPU.ActiveCfg = Debug|Any CPU
		{A67D3177-3BC6-4D7B-98F1-4B784283A7AA}.Debug|Any CPU.Build.0 = Debug|Any CPU
		{A67D3177-3BC6-4D7B-98F1-4B784283A7AA}.Release|Any CPU.ActiveCfg = Release|Any CPU
		{A67D3177-3BC6-4D7B-98F1-4B784283A7AA}.Release|Any CPU.Build.0 = Release|Any CPU
	EndGlobalSection
	GlobalSection(SolutionProperties) = preSolution
		HideSolutionNode = FALSE
	EndGlobalSection
	GlobalSection(NestedProjects) = preSolution
		{A969DFF0-9CB1-4CC5-94AD-4E9EBCB155AC} = {AA6F32EB-5BE3-4A19-8D0B-B61877B5B640}
		{51AB133B-98CF-4389-89B1-C411A29A1A12} = {AA6F32EB-5BE3-4A19-8D0B-B61877B5B640}
		{DDD3CE16-B7CA-4F1B-923A-B5B03B47848C} = {C6D969FF-01A9-4ABB-AECF-49AF4965B334}
		{6704A452-6195-4770-9C17-D247C6D77180} = {C6D969FF-01A9-4ABB-AECF-49AF4965B334}
		{A67D3177-3BC6-4D7B-98F1-4B784283A7AA} = {F19688DF-334E-4169-8C58-F1A14C23C38B}
	EndGlobalSection
	GlobalSection(ExtensibilityGlobals) = postSolution
		SolutionGuid = {DA201C24-9C37-4E36-B2E9-8BFFB0773F64}
	EndGlobalSection
EndGlobal
